// !$*UTF8*$!
{
	archiveVersion = 1;
	classes = {
	};
	objectVersion = 50;
	objects = {

/* Begin PBXBuildFile section */
		449C1E2723840E5400103099 /* Break5Across.sks in Resources */ = {isa = PBXBuildFile; fileRef = 449C1E2623840E5400103099 /* Break5Across.sks */; };
		449C1E2923840FF700103099 /* CoinSArrow.sks in Resources */ = {isa = PBXBuildFile; fileRef = 449C1E2823840FF700103099 /* CoinSArrow.sks */; };
		449C1E2B2384106700103099 /* PlatformArrow.sks in Resources */ = {isa = PBXBuildFile; fileRef = 449C1E2A2384106700103099 /* PlatformArrow.sks */; };
		449C1E2F23841F9700103099 /* BreakArrow.sks in Resources */ = {isa = PBXBuildFile; fileRef = 449C1E2E23841F9700103099 /* BreakArrow.sks */; };
		449C1E33238421C900103099 /* PlatformDiagonal.sks in Resources */ = {isa = PBXBuildFile; fileRef = 449C1E32238421C900103099 /* PlatformDiagonal.sks */; };
		449C1E352384229900103099 /* BreakDiagonal.sks in Resources */ = {isa = PBXBuildFile; fileRef = 449C1E342384229900103099 /* BreakDiagonal.sks */; };
		449C1E372384234000103099 /* Coin5Across.sks in Resources */ = {isa = PBXBuildFile; fileRef = 449C1E362384234000103099 /* Coin5Across.sks */; };
		449C1E39238433BE00103099 /* CoinDiagonal.sks in Resources */ = {isa = PBXBuildFile; fileRef = 449C1E38238433BE00103099 /* CoinDiagonal.sks */; };
		449C1E3E2384419100103099 /* CoinSDiagonal.sks in Resources */ = {isa = PBXBuildFile; fileRef = 449C1E3C2384354200103099 /* CoinSDiagonal.sks */; };
		449C1E3F238441A100103099 /* CoinCross.sks in Resources */ = {isa = PBXBuildFile; fileRef = 449C1E3A2384344900103099 /* CoinCross.sks */; };
		449C1E40238441A400103099 /* CoinSCross.sks in Resources */ = {isa = PBXBuildFile; fileRef = 449C1E3D2384355700103099 /* CoinSCross.sks */; };
		449C1E41238441AB00103099 /* CoinS5Across.sks in Resources */ = {isa = PBXBuildFile; fileRef = 449C1E3B2384350900103099 /* CoinS5Across.sks */; };
		44F5530E2338B40700D25151 /* AppDelegate.swift in Sources */ = {isa = PBXBuildFile; fileRef = 44F5530D2338B40700D25151 /* AppDelegate.swift */; };
		44F553102338B40700D25151 /* GameScene.sks in Resources */ = {isa = PBXBuildFile; fileRef = 44F5530F2338B40700D25151 /* GameScene.sks */; };
		44F553122338B40700D25151 /* Actions.sks in Resources */ = {isa = PBXBuildFile; fileRef = 44F553112338B40700D25151 /* Actions.sks */; };
		44F553142338B40700D25151 /* GameScene.swift in Sources */ = {isa = PBXBuildFile; fileRef = 44F553132338B40700D25151 /* GameScene.swift */; };
		44F553162338B40700D25151 /* GameViewController.swift in Sources */ = {isa = PBXBuildFile; fileRef = 44F553152338B40700D25151 /* GameViewController.swift */; };
		44F553192338B40700D25151 /* Main.storyboard in Resources */ = {isa = PBXBuildFile; fileRef = 44F553172338B40700D25151 /* Main.storyboard */; };
		44F5531B2338B40B00D25151 /* Assets.xcassets in Resources */ = {isa = PBXBuildFile; fileRef = 44F5531A2338B40B00D25151 /* Assets.xcassets */; };
		44F5531E2338B40B00D25151 /* LaunchScreen.storyboard in Resources */ = {isa = PBXBuildFile; fileRef = 44F5531C2338B40B00D25151 /* LaunchScreen.storyboard */; };
		D6D3F3F8233AAA3B007AF317 /* Platform5Across.sks in Resources */ = {isa = PBXBuildFile; fileRef = D6D3F3F7233AAA3B007AF317 /* Platform5Across.sks */; };
		D6D3F3FA233AADFF007AF317 /* CoinArrow.sks in Resources */ = {isa = PBXBuildFile; fileRef = D6D3F3F9233AADFF007AF317 /* CoinArrow.sks */; };
		D6FBDDB9233D459100021600 /* SKColor+Extensions.swift in Sources */ = {isa = PBXBuildFile; fileRef = D6FBDDAD233D459100021600 /* SKColor+Extensions.swift */; };
		D6FBDDBA233D459100021600 /* CGVector+Extensions.swift in Sources */ = {isa = PBXBuildFile; fileRef = D6FBDDAE233D459100021600 /* CGVector+Extensions.swift */; };
		D6FBDDBB233D459100021600 /* Int+Extensions.swift in Sources */ = {isa = PBXBuildFile; fileRef = D6FBDDAF233D459100021600 /* Int+Extensions.swift */; };
		D6FBDDBC233D459100021600 /* SKTTimingFunctions.swift in Sources */ = {isa = PBXBuildFile; fileRef = D6FBDDB0233D459100021600 /* SKTTimingFunctions.swift */; };
		D6FBDDBD233D459100021600 /* SKAction+Extensions.swift in Sources */ = {isa = PBXBuildFile; fileRef = D6FBDDB1233D459100021600 /* SKAction+Extensions.swift */; };
		D6FBDDBE233D459100021600 /* SKAction+SpecialEffects.swift in Sources */ = {isa = PBXBuildFile; fileRef = D6FBDDB2233D459100021600 /* SKAction+SpecialEffects.swift */; };
		D6FBDDBF233D459100021600 /* SKNode+Extensions.swift in Sources */ = {isa = PBXBuildFile; fileRef = D6FBDDB3233D459100021600 /* SKNode+Extensions.swift */; };
		D6FBDDC0233D459100021600 /* CGPoint+Extensions.swift in Sources */ = {isa = PBXBuildFile; fileRef = D6FBDDB4233D459100021600 /* CGPoint+Extensions.swift */; };
		D6FBDDC1233D459100021600 /* SKTEffects.swift in Sources */ = {isa = PBXBuildFile; fileRef = D6FBDDB5233D459100021600 /* SKTEffects.swift */; };
		D6FBDDC2233D459100021600 /* SKTAudio.swift in Sources */ = {isa = PBXBuildFile; fileRef = D6FBDDB6233D459100021600 /* SKTAudio.swift */; };
		D6FBDDC3233D459100021600 /* Vector3.swift in Sources */ = {isa = PBXBuildFile; fileRef = D6FBDDB7233D459100021600 /* Vector3.swift */; };
		D6FBDDC4233D459100021600 /* CGFloat+Extensions.swift in Sources */ = {isa = PBXBuildFile; fileRef = D6FBDDB8233D459100021600 /* CGFloat+Extensions.swift */; };
/* End PBXBuildFile section */

/* Begin PBXFileReference section */
		449C1E2623840E5400103099 /* Break5Across.sks */ = {isa = PBXFileReference; lastKnownFileType = file.sks; name = Break5Across.sks; path = "DropCharge/Scene FIles/Break5Across.sks"; sourceTree = SOURCE_ROOT; };
		449C1E2823840FF700103099 /* CoinSArrow.sks */ = {isa = PBXFileReference; lastKnownFileType = file.sks; name = CoinSArrow.sks; path = "DropCharge/Scene FIles/CoinSArrow.sks"; sourceTree = SOURCE_ROOT; };
		449C1E2A2384106700103099 /* PlatformArrow.sks */ = {isa = PBXFileReference; lastKnownFileType = file.sks; name = PlatformArrow.sks; path = "DropCharge/Scene FIles/PlatformArrow.sks"; sourceTree = SOURCE_ROOT; };
		449C1E2E23841F9700103099 /* BreakArrow.sks */ = {isa = PBXFileReference; lastKnownFileType = file.sks; name = BreakArrow.sks; path = "DropCharge/Scene FIles/BreakArrow.sks"; sourceTree = SOURCE_ROOT; };
		449C1E32238421C900103099 /* PlatformDiagonal.sks */ = {isa = PBXFileReference; lastKnownFileType = file.sks; name = PlatformDiagonal.sks; path = "DropCharge/Scene FIles/PlatformDiagonal.sks"; sourceTree = SOURCE_ROOT; };
		449C1E342384229900103099 /* BreakDiagonal.sks */ = {isa = PBXFileReference; lastKnownFileType = file.sks; name = BreakDiagonal.sks; path = "DropCharge/Scene FIles/BreakDiagonal.sks"; sourceTree = SOURCE_ROOT; };
		449C1E362384234000103099 /* Coin5Across.sks */ = {isa = PBXFileReference; lastKnownFileType = file.sks; name = Coin5Across.sks; path = "DropCharge/Scene FIles/Coin5Across.sks"; sourceTree = SOURCE_ROOT; };
		449C1E38238433BE00103099 /* CoinDiagonal.sks */ = {isa = PBXFileReference; lastKnownFileType = file.sks; name = CoinDiagonal.sks; path = "DropCharge/Scene FIles/CoinDiagonal.sks"; sourceTree = SOURCE_ROOT; };
		449C1E3A2384344900103099 /* CoinCross.sks */ = {isa = PBXFileReference; lastKnownFileType = file.sks; path = CoinCross.sks; sourceTree = "<group>"; };
		449C1E3B2384350900103099 /* CoinS5Across.sks */ = {isa = PBXFileReference; lastKnownFileType = file.sks; path = CoinS5Across.sks; sourceTree = "<group>"; };
		449C1E3C2384354200103099 /* CoinSDiagonal.sks */ = {isa = PBXFileReference; lastKnownFileType = file.sks; path = CoinSDiagonal.sks; sourceTree = "<group>"; };
		449C1E3D2384355700103099 /* CoinSCross.sks */ = {isa = PBXFileReference; lastKnownFileType = file.sks; path = CoinSCross.sks; sourceTree = "<group>"; };
		44F5530A2338B40700D25151 /* DropCharge.app */ = {isa = PBXFileReference; explicitFileType = wrapper.application; includeInIndex = 0; path = DropCharge.app; sourceTree = BUILT_PRODUCTS_DIR; };
		44F5530D2338B40700D25151 /* AppDelegate.swift */ = {isa = PBXFileReference; lastKnownFileType = sourcecode.swift; path = AppDelegate.swift; sourceTree = "<group>"; };
		44F5530F2338B40700D25151 /* GameScene.sks */ = {isa = PBXFileReference; lastKnownFileType = file.sks; path = GameScene.sks; sourceTree = "<group>"; };
		44F553112338B40700D25151 /* Actions.sks */ = {isa = PBXFileReference; lastKnownFileType = file.sks; path = Actions.sks; sourceTree = "<group>"; };
		44F553132338B40700D25151 /* GameScene.swift */ = {isa = PBXFileReference; lastKnownFileType = sourcecode.swift; path = GameScene.swift; sourceTree = "<group>"; };
		44F553152338B40700D25151 /* GameViewController.swift */ = {isa = PBXFileReference; lastKnownFileType = sourcecode.swift; path = GameViewController.swift; sourceTree = "<group>"; };
		44F553182338B40700D25151 /* Base */ = {isa = PBXFileReference; lastKnownFileType = file.storyboard; name = Base; path = Base.lproj/Main.storyboard; sourceTree = "<group>"; };
		44F5531A2338B40B00D25151 /* Assets.xcassets */ = {isa = PBXFileReference; lastKnownFileType = folder.assetcatalog; path = Assets.xcassets; sourceTree = "<group>"; };
		44F5531D2338B40B00D25151 /* Base */ = {isa = PBXFileReference; lastKnownFileType = file.storyboard; name = Base; path = Base.lproj/LaunchScreen.storyboard; sourceTree = "<group>"; };
		44F5531F2338B40B00D25151 /* Info.plist */ = {isa = PBXFileReference; lastKnownFileType = text.plist.xml; path = Info.plist; sourceTree = "<group>"; };
		D6D3F3F7233AAA3B007AF317 /* Platform5Across.sks */ = {isa = PBXFileReference; lastKnownFileType = file.sks; name = Platform5Across.sks; path = "DropCharge/Scene FIles/Platform5Across.sks"; sourceTree = SOURCE_ROOT; };
		D6D3F3F9233AADFF007AF317 /* CoinArrow.sks */ = {isa = PBXFileReference; lastKnownFileType = file.sks; name = CoinArrow.sks; path = "DropCharge/Scene FIles/CoinArrow.sks"; sourceTree = SOURCE_ROOT; };
		D6FBDDAD233D459100021600 /* SKColor+Extensions.swift */ = {isa = PBXFileReference; fileEncoding = 4; lastKnownFileType = sourcecode.swift; path = "SKColor+Extensions.swift"; sourceTree = "<group>"; };
		D6FBDDAE233D459100021600 /* CGVector+Extensions.swift */ = {isa = PBXFileReference; fileEncoding = 4; lastKnownFileType = sourcecode.swift; path = "CGVector+Extensions.swift"; sourceTree = "<group>"; };
		D6FBDDAF233D459100021600 /* Int+Extensions.swift */ = {isa = PBXFileReference; fileEncoding = 4; lastKnownFileType = sourcecode.swift; path = "Int+Extensions.swift"; sourceTree = "<group>"; };
		D6FBDDB0233D459100021600 /* SKTTimingFunctions.swift */ = {isa = PBXFileReference; fileEncoding = 4; lastKnownFileType = sourcecode.swift; path = SKTTimingFunctions.swift; sourceTree = "<group>"; };
		D6FBDDB1233D459100021600 /* SKAction+Extensions.swift */ = {isa = PBXFileReference; fileEncoding = 4; lastKnownFileType = sourcecode.swift; path = "SKAction+Extensions.swift"; sourceTree = "<group>"; };
		D6FBDDB2233D459100021600 /* SKAction+SpecialEffects.swift */ = {isa = PBXFileReference; fileEncoding = 4; lastKnownFileType = sourcecode.swift; path = "SKAction+SpecialEffects.swift"; sourceTree = "<group>"; };
		D6FBDDB3233D459100021600 /* SKNode+Extensions.swift */ = {isa = PBXFileReference; fileEncoding = 4; lastKnownFileType = sourcecode.swift; path = "SKNode+Extensions.swift"; sourceTree = "<group>"; };
		D6FBDDB4233D459100021600 /* CGPoint+Extensions.swift */ = {isa = PBXFileReference; fileEncoding = 4; lastKnownFileType = sourcecode.swift; path = "CGPoint+Extensions.swift"; sourceTree = "<group>"; };
		D6FBDDB5233D459100021600 /* SKTEffects.swift */ = {isa = PBXFileReference; fileEncoding = 4; lastKnownFileType = sourcecode.swift; path = SKTEffects.swift; sourceTree = "<group>"; };
		D6FBDDB6233D459100021600 /* SKTAudio.swift */ = {isa = PBXFileReference; fileEncoding = 4; lastKnownFileType = sourcecode.swift; path = SKTAudio.swift; sourceTree = "<group>"; };
		D6FBDDB7233D459100021600 /* Vector3.swift */ = {isa = PBXFileReference; fileEncoding = 4; lastKnownFileType = sourcecode.swift; path = Vector3.swift; sourceTree = "<group>"; };
		D6FBDDB8233D459100021600 /* CGFloat+Extensions.swift */ = {isa = PBXFileReference; fileEncoding = 4; lastKnownFileType = sourcecode.swift; path = "CGFloat+Extensions.swift"; sourceTree = "<group>"; };
/* End PBXFileReference section */

/* Begin PBXFrameworksBuildPhase section */
		44F553072338B40700D25151 /* Frameworks */ = {
			isa = PBXFrameworksBuildPhase;
			buildActionMask = 2147483647;
			files = (
			);
			runOnlyForDeploymentPostprocessing = 0;
		};
/* End PBXFrameworksBuildPhase section */

/* Begin PBXGroup section */
		44F553012338B40700D25151 = {
			isa = PBXGroup;
			children = (
				44F5530C2338B40700D25151 /* DropCharge */,
				44F5530B2338B40700D25151 /* Products */,
			);
			sourceTree = "<group>";
		};
		44F5530B2338B40700D25151 /* Products */ = {
			isa = PBXGroup;
			children = (
				44F5530A2338B40700D25151 /* DropCharge.app */,
			);
			name = Products;
			sourceTree = "<group>";
		};
		44F5530C2338B40700D25151 /* DropCharge */ = {
			isa = PBXGroup;
			children = (
				D6FBDDAC233D459100021600 /* SKTUtils */,
				D66EBE11233AA9CA007653E5 /* Scene files */,
				44F5530D2338B40700D25151 /* AppDelegate.swift */,
				44F5530F2338B40700D25151 /* GameScene.sks */,
				44F553112338B40700D25151 /* Actions.sks */,
				44F553132338B40700D25151 /* GameScene.swift */,
				44F553152338B40700D25151 /* GameViewController.swift */,
				44F553172338B40700D25151 /* Main.storyboard */,
				44F5531A2338B40B00D25151 /* Assets.xcassets */,
				44F5531C2338B40B00D25151 /* LaunchScreen.storyboard */,
				44F5531F2338B40B00D25151 /* Info.plist */,
			);
			path = DropCharge;
			sourceTree = "<group>";
		};
		D66EBE11233AA9CA007653E5 /* Scene files */ = {
			isa = PBXGroup;
			children = (
				D6D3F3F7233AAA3B007AF317 /* Platform5Across.sks */,
				449C1E32238421C900103099 /* PlatformDiagonal.sks */,
				449C1E342384229900103099 /* BreakDiagonal.sks */,
				449C1E38238433BE00103099 /* CoinDiagonal.sks */,
				449C1E3C2384354200103099 /* CoinSDiagonal.sks */,
				449C1E3A2384344900103099 /* CoinCross.sks */,
				449C1E3D2384355700103099 /* CoinSCross.sks */,
				449C1E2A2384106700103099 /* PlatformArrow.sks */,
				D6D3F3F9233AADFF007AF317 /* CoinArrow.sks */,
				449C1E2E23841F9700103099 /* BreakArrow.sks */,
				449C1E2823840FF700103099 /* CoinSArrow.sks */,
				449C1E362384234000103099 /* Coin5Across.sks */,
				449C1E3B2384350900103099 /* CoinS5Across.sks */,
				449C1E2623840E5400103099 /* Break5Across.sks */,
			);
			path = "Scene files";
			sourceTree = "<group>";
		};
		D6FBDDAC233D459100021600 /* SKTUtils */ = {
			isa = PBXGroup;
			children = (
				D6FBDDAD233D459100021600 /* SKColor+Extensions.swift */,
				D6FBDDAE233D459100021600 /* CGVector+Extensions.swift */,
				D6FBDDAF233D459100021600 /* Int+Extensions.swift */,
				D6FBDDB0233D459100021600 /* SKTTimingFunctions.swift */,
				D6FBDDB1233D459100021600 /* SKAction+Extensions.swift */,
				D6FBDDB2233D459100021600 /* SKAction+SpecialEffects.swift */,
				D6FBDDB3233D459100021600 /* SKNode+Extensions.swift */,
				D6FBDDB4233D459100021600 /* CGPoint+Extensions.swift */,
				D6FBDDB5233D459100021600 /* SKTEffects.swift */,
				D6FBDDB6233D459100021600 /* SKTAudio.swift */,
				D6FBDDB7233D459100021600 /* Vector3.swift */,
				D6FBDDB8233D459100021600 /* CGFloat+Extensions.swift */,
			);
			path = SKTUtils;
			sourceTree = "<group>";
		};
/* End PBXGroup section */

/* Begin PBXNativeTarget section */
		44F553092338B40700D25151 /* DropCharge */ = {
			isa = PBXNativeTarget;
			buildConfigurationList = 44F553222338B40B00D25151 /* Build configuration list for PBXNativeTarget "DropCharge" */;
			buildPhases = (
				44F553062338B40700D25151 /* Sources */,
				44F553072338B40700D25151 /* Frameworks */,
				44F553082338B40700D25151 /* Resources */,
			);
			buildRules = (
			);
			dependencies = (
			);
			name = DropCharge;
			productName = DropCharge;
			productReference = 44F5530A2338B40700D25151 /* DropCharge.app */;
			productType = "com.apple.product-type.application";
		};
/* End PBXNativeTarget section */

/* Begin PBXProject section */
		44F553022338B40700D25151 /* Project object */ = {
			isa = PBXProject;
			attributes = {
				LastSwiftUpdateCheck = 1100;
				LastUpgradeCheck = 1100;
				ORGANIZATIONNAME = "Eugene  Mekhedov";
				TargetAttributes = {
					44F553092338B40700D25151 = {
						CreatedOnToolsVersion = 11.0;
					};
				};
			};
			buildConfigurationList = 44F553052338B40700D25151 /* Build configuration list for PBXProject "DropCharge" */;
			compatibilityVersion = "Xcode 9.3";
			developmentRegion = en;
			hasScannedForEncodings = 0;
			knownRegions = (
				en,
				Base,
			);
			mainGroup = 44F553012338B40700D25151;
			productRefGroup = 44F5530B2338B40700D25151 /* Products */;
			projectDirPath = "";
			projectRoot = "";
			targets = (
				44F553092338B40700D25151 /* DropCharge */,
			);
		};
/* End PBXProject section */

/* Begin PBXResourcesBuildPhase section */
		44F553082338B40700D25151 /* Resources */ = {
			isa = PBXResourcesBuildPhase;
			buildActionMask = 2147483647;
			files = (
				D6D3F3FA233AADFF007AF317 /* CoinArrow.sks in Resources */,
				44F553192338B40700D25151 /* Main.storyboard in Resources */,
				449C1E352384229900103099 /* BreakDiagonal.sks in Resources */,
				44F553102338B40700D25151 /* GameScene.sks in Resources */,
				44F5531B2338B40B00D25151 /* Assets.xcassets in Resources */,
				449C1E2B2384106700103099 /* PlatformArrow.sks in Resources */,
				449C1E2F23841F9700103099 /* BreakArrow.sks in Resources */,
				449C1E2723840E5400103099 /* Break5Across.sks in Resources */,
				449C1E41238441AB00103099 /* CoinS5Across.sks in Resources */,
				44F5531E2338B40B00D25151 /* LaunchScreen.storyboard in Resources */,
				449C1E3F238441A100103099 /* CoinCross.sks in Resources */,
				449C1E372384234000103099 /* Coin5Across.sks in Resources */,
				44F553122338B40700D25151 /* Actions.sks in Resources */,
				449C1E3E2384419100103099 /* CoinSDiagonal.sks in Resources */,
				D6D3F3F8233AAA3B007AF317 /* Platform5Across.sks in Resources */,
				449C1E39238433BE00103099 /* CoinDiagonal.sks in Resources */,
				449C1E40238441A400103099 /* CoinSCross.sks in Resources */,
				449C1E2923840FF700103099 /* CoinSArrow.sks in Resources */,
				449C1E33238421C900103099 /* PlatformDiagonal.sks in Resources */,
			);
			runOnlyForDeploymentPostprocessing = 0;
		};
/* End PBXResourcesBuildPhase section */

/* Begin PBXSourcesBuildPhase section */
		44F553062338B40700D25151 /* Sources */ = {
			isa = PBXSourcesBuildPhase;
			buildActionMask = 2147483647;
			files = (
				D6FBDDBA233D459100021600 /* CGVector+Extensions.swift in Sources */,
				D6FBDDC4233D459100021600 /* CGFloat+Extensions.swift in Sources */,
				D6FBDDC1233D459100021600 /* SKTEffects.swift in Sources */,
				44F553142338B40700D25151 /* GameScene.swift in Sources */,
				D6FBDDBE233D459100021600 /* SKAction+SpecialEffects.swift in Sources */,
				D6FBDDC2233D459100021600 /* SKTAudio.swift in Sources */,
				D6FBDDBC233D459100021600 /* SKTTimingFunctions.swift in Sources */,
				D6FBDDC3233D459100021600 /* Vector3.swift in Sources */,
				D6FBDDBD233D459100021600 /* SKAction+Extensions.swift in Sources */,
				44F553162338B40700D25151 /* GameViewController.swift in Sources */,
				D6FBDDBB233D459100021600 /* Int+Extensions.swift in Sources */,
				D6FBDDC0233D459100021600 /* CGPoint+Extensions.swift in Sources */,
				D6FBDDBF233D459100021600 /* SKNode+Extensions.swift in Sources */,
				44F5530E2338B40700D25151 /* AppDelegate.swift in Sources */,
				D6FBDDB9233D459100021600 /* SKColor+Extensions.swift in Sources */,
			);
			runOnlyForDeploymentPostprocessing = 0;
		};
/* End PBXSourcesBuildPhase section */

/* Begin PBXVariantGroup section */
		44F553172338B40700D25151 /* Main.storyboard */ = {
			isa = PBXVariantGroup;
			children = (
				44F553182338B40700D25151 /* Base */,
			);
			name = Main.storyboard;
			sourceTree = "<group>";
		};
		44F5531C2338B40B00D25151 /* LaunchScreen.storyboard */ = {
			isa = PBXVariantGroup;
			children = (
				44F5531D2338B40B00D25151 /* Base */,
			);
			name = LaunchScreen.storyboard;
			sourceTree = "<group>";
		};
/* End PBXVariantGroup section */

/* Begin XCBuildConfiguration section */
		44F553202338B40B00D25151 /* Debug */ = {
			isa = XCBuildConfiguration;
			buildSettings = {
				ALWAYS_SEARCH_USER_PATHS = NO;
				CLANG_ANALYZER_NONNULL = YES;
				CLANG_ANALYZER_NUMBER_OBJECT_CONVERSION = YES_AGGRESSIVE;
				CLANG_CXX_LANGUAGE_STANDARD = "gnu++14";
				CLANG_CXX_LIBRARY = "libc++";
				CLANG_ENABLE_MODULES = YES;
				CLANG_ENABLE_OBJC_ARC = YES;
				CLANG_ENABLE_OBJC_WEAK = YES;
				CLANG_WARN_BLOCK_CAPTURE_AUTORELEASING = YES;
				CLANG_WARN_BOOL_CONVERSION = YES;
				CLANG_WARN_COMMA = YES;
				CLANG_WARN_CONSTANT_CONVERSION = YES;
				CLANG_WARN_DEPRECATED_OBJC_IMPLEMENTATIONS = YES;
				CLANG_WARN_DIRECT_OBJC_ISA_USAGE = YES_ERROR;
				CLANG_WARN_DOCUMENTATION_COMMENTS = YES;
				CLANG_WARN_EMPTY_BODY = YES;
				CLANG_WARN_ENUM_CONVERSION = YES;
				CLANG_WARN_INFINITE_RECURSION = YES;
				CLANG_WARN_INT_CONVERSION = YES;
				CLANG_WARN_NON_LITERAL_NULL_CONVERSION = YES;
				CLANG_WARN_OBJC_IMPLICIT_RETAIN_SELF = YES;
				CLANG_WARN_OBJC_LITERAL_CONVERSION = YES;
				CLANG_WARN_OBJC_ROOT_CLASS = YES_ERROR;
				CLANG_WARN_RANGE_LOOP_ANALYSIS = YES;
				CLANG_WARN_STRICT_PROTOTYPES = YES;
				CLANG_WARN_SUSPICIOUS_MOVE = YES;
				CLANG_WARN_UNGUARDED_AVAILABILITY = YES_AGGRESSIVE;
				CLANG_WARN_UNREACHABLE_CODE = YES;
				CLANG_WARN__DUPLICATE_METHOD_MATCH = YES;
				COPY_PHASE_STRIP = NO;
				DEBUG_INFORMATION_FORMAT = dwarf;
				ENABLE_STRICT_OBJC_MSGSEND = YES;
				ENABLE_TESTABILITY = YES;
				GCC_C_LANGUAGE_STANDARD = gnu11;
				GCC_DYNAMIC_NO_PIC = NO;
				GCC_NO_COMMON_BLOCKS = YES;
				GCC_OPTIMIZATION_LEVEL = 0;
				GCC_PREPROCESSOR_DEFINITIONS = (
					"DEBUG=1",
					"$(inherited)",
				);
				GCC_WARN_64_TO_32_BIT_CONVERSION = YES;
				GCC_WARN_ABOUT_RETURN_TYPE = YES_ERROR;
				GCC_WARN_UNDECLARED_SELECTOR = YES;
				GCC_WARN_UNINITIALIZED_AUTOS = YES_AGGRESSIVE;
				GCC_WARN_UNUSED_FUNCTION = YES;
				GCC_WARN_UNUSED_VARIABLE = YES;
				IPHONEOS_DEPLOYMENT_TARGET = 13.0;
				MTL_ENABLE_DEBUG_INFO = INCLUDE_SOURCE;
				MTL_FAST_MATH = YES;
				ONLY_ACTIVE_ARCH = YES;
				SDKROOT = iphoneos;
				SWIFT_ACTIVE_COMPILATION_CONDITIONS = DEBUG;
				SWIFT_OPTIMIZATION_LEVEL = "-Onone";
			};
			name = Debug;
		};
		44F553212338B40B00D25151 /* Release */ = {
			isa = XCBuildConfiguration;
			buildSettings = {
				ALWAYS_SEARCH_USER_PATHS = NO;
				CLANG_ANALYZER_NONNULL = YES;
				CLANG_ANALYZER_NUMBER_OBJECT_CONVERSION = YES_AGGRESSIVE;
				CLANG_CXX_LANGUAGE_STANDARD = "gnu++14";
				CLANG_CXX_LIBRARY = "libc++";
				CLANG_ENABLE_MODULES = YES;
				CLANG_ENABLE_OBJC_ARC = YES;
				CLANG_ENABLE_OBJC_WEAK = YES;
				CLANG_WARN_BLOCK_CAPTURE_AUTORELEASING = YES;
				CLANG_WARN_BOOL_CONVERSION = YES;
				CLANG_WARN_COMMA = YES;
				CLANG_WARN_CONSTANT_CONVERSION = YES;
				CLANG_WARN_DEPRECATED_OBJC_IMPLEMENTATIONS = YES;
				CLANG_WARN_DIRECT_OBJC_ISA_USAGE = YES_ERROR;
				CLANG_WARN_DOCUMENTATION_COMMENTS = YES;
				CLANG_WARN_EMPTY_BODY = YES;
				CLANG_WARN_ENUM_CONVERSION = YES;
				CLANG_WARN_INFINITE_RECURSION = YES;
				CLANG_WARN_INT_CONVERSION = YES;
				CLANG_WARN_NON_LITERAL_NULL_CONVERSION = YES;
				CLANG_WARN_OBJC_IMPLICIT_RETAIN_SELF = YES;
				CLANG_WARN_OBJC_LITERAL_CONVERSION = YES;
				CLANG_WARN_OBJC_ROOT_CLASS = YES_ERROR;
				CLANG_WARN_RANGE_LOOP_ANALYSIS = YES;
				CLANG_WARN_STRICT_PROTOTYPES = YES;
				CLANG_WARN_SUSPICIOUS_MOVE = YES;
				CLANG_WARN_UNGUARDED_AVAILABILITY = YES_AGGRESSIVE;
				CLANG_WARN_UNREACHABLE_CODE = YES;
				CLANG_WARN__DUPLICATE_METHOD_MATCH = YES;
				COPY_PHASE_STRIP = NO;
				DEBUG_INFORMATION_FORMAT = "dwarf-with-dsym";
				ENABLE_NS_ASSERTIONS = NO;
				ENABLE_STRICT_OBJC_MSGSEND = YES;
				GCC_C_LANGUAGE_STANDARD = gnu11;
				GCC_NO_COMMON_BLOCKS = YES;
				GCC_WARN_64_TO_32_BIT_CONVERSION = YES;
				GCC_WARN_ABOUT_RETURN_TYPE = YES_ERROR;
				GCC_WARN_UNDECLARED_SELECTOR = YES;
				GCC_WARN_UNINITIALIZED_AUTOS = YES_AGGRESSIVE;
				GCC_WARN_UNUSED_FUNCTION = YES;
				GCC_WARN_UNUSED_VARIABLE = YES;
				IPHONEOS_DEPLOYMENT_TARGET = 13.0;
				MTL_ENABLE_DEBUG_INFO = NO;
				MTL_FAST_MATH = YES;
				SDKROOT = iphoneos;
				SWIFT_COMPILATION_MODE = wholemodule;
				SWIFT_OPTIMIZATION_LEVEL = "-O";
				VALIDATE_PRODUCT = YES;
			};
			name = Release;
		};
		44F553232338B40B00D25151 /* Debug */ = {
			isa = XCBuildConfiguration;
			buildSettings = {
				ASSETCATALOG_COMPILER_APPICON_NAME = AppIcon;
				CODE_SIGN_STYLE = Automatic;
				DEVELOPMENT_TEAM = B236C26GVW;
				INFOPLIST_FILE = DropCharge/Info.plist;
				IPHONEOS_DEPLOYMENT_TARGET = 10.0;
				LD_RUNPATH_SEARCH_PATHS = (
					"$(inherited)",
					"@executable_path/Frameworks",
				);
				PRODUCT_BUNDLE_IDENTIFIER = com.ATOM.DropCharge;
				PRODUCT_NAME = "$(TARGET_NAME)";
				SWIFT_VERSION = 5.0;
				TARGETED_DEVICE_FAMILY = "1,2";
			};
			name = Debug;
		};
		44F553242338B40B00D25151 /* Release */ = {
			isa = XCBuildConfiguration;
			buildSettings = {
				ASSETCATALOG_COMPILER_APPICON_NAME = AppIcon;
				CODE_SIGN_STYLE = Automatic;
				DEVELOPMENT_TEAM = B236C26GVW;
				INFOPLIST_FILE = DropCharge/Info.plist;
				IPHONEOS_DEPLOYMENT_TARGET = 10.0;
				LD_RUNPATH_SEARCH_PATHS = (
					"$(inherited)",
					"@executable_path/Frameworks",
				);
				PRODUCT_BUNDLE_IDENTIFIER = com.ATOM.DropCharge;
				PRODUCT_NAME = "$(TARGET_NAME)";
				SWIFT_VERSION = 5.0;
				TARGETED_DEVICE_FAMILY = "1,2";
			};
			name = Release;
		};
/* End XCBuildConfiguration section */

/* Begin XCConfigurationList section */
		44F553052338B40700D25151 /* Build configuration list for PBXProject "DropCharge" */ = {
			isa = XCConfigurationList;
			buildConfigurations = (
				44F553202338B40B00D25151 /* Debug */,
				44F553212338B40B00D25151 /* Release */,
			);
			defaultConfigurationIsVisible = 0;
			defaultConfigurationName = Release;
		};
		44F553222338B40B00D25151 /* Build configuration list for PBXNativeTarget "DropCharge" */ = {
			isa = XCConfigurationList;
			buildConfigurations = (
				44F553232338B40B00D25151 /* Debug */,
				44F553242338B40B00D25151 /* Release */,
			);
			defaultConfigurationIsVisible = 0;
			defaultConfigurationName = Release;
		};
/* End XCConfigurationList section */
	};
	rootObject = 44F553022338B40700D25151 /* Project object */;
}
